// !$*UTF8*$!
{
	archiveVersion = 1;
	classes = {
	};
	objectVersion = 50;
	objects = {

/* Begin PBXBuildFile section */
		43433ED724F5DDA00080F449 /* AppDelegate.swift in Sources */ = {isa = PBXBuildFile; fileRef = 43433ED624F5DDA00080F449 /* AppDelegate.swift */; };
		43433ED924F5DDA00080F449 /* SceneDelegate.swift in Sources */ = {isa = PBXBuildFile; fileRef = 43433ED824F5DDA00080F449 /* SceneDelegate.swift */; };
		43433EDB24F5DDA00080F449 /* ViewController.swift in Sources */ = {isa = PBXBuildFile; fileRef = 43433EDA24F5DDA00080F449 /* ViewController.swift */; };
		43433EDE24F5DDA00080F449 /* Main.storyboard in Resources */ = {isa = PBXBuildFile; fileRef = 43433EDC24F5DDA00080F449 /* Main.storyboard */; };
		43433EE024F5DDA20080F449 /* Assets.xcassets in Resources */ = {isa = PBXBuildFile; fileRef = 43433EDF24F5DDA20080F449 /* Assets.xcassets */; };
		43433EE324F5DDA20080F449 /* LaunchScreen.storyboard in Resources */ = {isa = PBXBuildFile; fileRef = 43433EE124F5DDA20080F449 /* LaunchScreen.storyboard */; };
		43433EEE24F5DDA20080F449 /* TipCalculatorTests.swift in Sources */ = {isa = PBXBuildFile; fileRef = 43433EED24F5DDA20080F449 /* TipCalculatorTests.swift */; };
		43433EF924F5DDA20080F449 /* TipCalculatorUITests.swift in Sources */ = {isa = PBXBuildFile; fileRef = 43433EF824F5DDA20080F449 /* TipCalculatorUITests.swift */; };
/* End PBXBuildFile section */

/* Begin PBXContainerItemProxy section */
		43433EEA24F5DDA20080F449 /* PBXContainerItemProxy */ = {
			isa = PBXContainerItemProxy;
			containerPortal = 43433ECB24F5DDA00080F449 /* Project object */;
			proxyType = 1;
			remoteGlobalIDString = 43433ED224F5DDA00080F449;
			remoteInfo = TipCalculator;
		};
		43433EF524F5DDA20080F449 /* PBXContainerItemProxy */ = {
			isa = PBXContainerItemProxy;
			containerPortal = 43433ECB24F5DDA00080F449 /* Project object */;
			proxyType = 1;
			remoteGlobalIDString = 43433ED224F5DDA00080F449;
			remoteInfo = TipCalculator;
		};
/* End PBXContainerItemProxy section */

/* Begin PBXFileReference section */
		43433ED324F5DDA00080F449 /* TipCalculator.app */ = {isa = PBXFileReference; explicitFileType = wrapper.application; includeInIndex = 0; path = TipCalculator.app; sourceTree = BUILT_PRODUCTS_DIR; };
		43433ED624F5DDA00080F449 /* AppDelegate.swift */ = {isa = PBXFileReference; lastKnownFileType = sourcecode.swift; path = AppDelegate.swift; sourceTree = "<group>"; };
		43433ED824F5DDA00080F449 /* SceneDelegate.swift */ = {isa = PBXFileReference; lastKnownFileType = sourcecode.swift; path = SceneDelegate.swift; sourceTree = "<group>"; };
		43433EDA24F5DDA00080F449 /* ViewController.swift */ = {isa = PBXFileReference; lastKnownFileType = sourcecode.swift; path = ViewController.swift; sourceTree = "<group>"; };
		43433EDD24F5DDA00080F449 /* Base */ = {isa = PBXFileReference; lastKnownFileType = file.storyboard; name = Base; path = Base.lproj/Main.storyboard; sourceTree = "<group>"; };
		43433EDF24F5DDA20080F449 /* Assets.xcassets */ = {isa = PBXFileReference; lastKnownFileType = folder.assetcatalog; path = Assets.xcassets; sourceTree = "<group>"; };
		43433EE224F5DDA20080F449 /* Base */ = {isa = PBXFileReference; lastKnownFileType = file.storyboard; name = Base; path = Base.lproj/LaunchScreen.storyboard; sourceTree = "<group>"; };
		43433EE424F5DDA20080F449 /* Info.plist */ = {isa = PBXFileReference; lastKnownFileType = text.plist.xml; path = Info.plist; sourceTree = "<group>"; };
		43433EE924F5DDA20080F449 /* TipCalculatorTests.xctest */ = {isa = PBXFileReference; explicitFileType = wrapper.cfbundle; includeInIndex = 0; path = TipCalculatorTests.xctest; sourceTree = BUILT_PRODUCTS_DIR; };
		43433EED24F5DDA20080F449 /* TipCalculatorTests.swift */ = {isa = PBXFileReference; lastKnownFileType = sourcecode.swift; path = TipCalculatorTests.swift; sourceTree = "<group>"; };
		43433EEF24F5DDA20080F449 /* Info.plist */ = {isa = PBXFileReference; lastKnownFileType = text.plist.xml; path = Info.plist; sourceTree = "<group>"; };
		43433EF424F5DDA20080F449 /* TipCalculatorUITests.xctest */ = {isa = PBXFileReference; explicitFileType = wrapper.cfbundle; includeInIndex = 0; path = TipCalculatorUITests.xctest; sourceTree = BUILT_PRODUCTS_DIR; };
		43433EF824F5DDA20080F449 /* TipCalculatorUITests.swift */ = {isa = PBXFileReference; lastKnownFileType = sourcecode.swift; path = TipCalculatorUITests.swift; sourceTree = "<group>"; };
		43433EFA24F5DDA20080F449 /* Info.plist */ = {isa = PBXFileReference; lastKnownFileType = text.plist.xml; path = Info.plist; sourceTree = "<group>"; };
/* End PBXFileReference section */

/* Begin PBXFrameworksBuildPhase section */
		43433ED024F5DDA00080F449 /* Frameworks */ = {
			isa = PBXFrameworksBuildPhase;
			buildActionMask = 2147483647;
			files = (
			);
			runOnlyForDeploymentPostprocessing = 0;
		};
		43433EE624F5DDA20080F449 /* Frameworks */ = {
			isa = PBXFrameworksBuildPhase;
			buildActionMask = 2147483647;
			files = (
			);
			runOnlyForDeploymentPostprocessing = 0;
		};
		43433EF124F5DDA20080F449 /* Frameworks */ = {
			isa = PBXFrameworksBuildPhase;
			buildActionMask = 2147483647;
			files = (
			);
			runOnlyForDeploymentPostprocessing = 0;
		};
/* End PBXFrameworksBuildPhase section */

/* Begin PBXGroup section */
		43433ECA24F5DDA00080F449 = {
			isa = PBXGroup;
			children = (
				43433ED524F5DDA00080F449 /* TipCalculator */,
				43433EEC24F5DDA20080F449 /* TipCalculatorTests */,
				43433EF724F5DDA20080F449 /* TipCalculatorUITests */,
				43433ED424F5DDA00080F449 /* Products */,
			);
			sourceTree = "<group>";
		};
		43433ED424F5DDA00080F449 /* Products */ = {
			isa = PBXGroup;
			children = (
				43433ED324F5DDA00080F449 /* TipCalculator.app */,
				43433EE924F5DDA20080F449 /* TipCalculatorTests.xctest */,
				43433EF424F5DDA20080F449 /* TipCalculatorUITests.xctest */,
			);
			name = Products;
			sourceTree = "<group>";
		};
		43433ED524F5DDA00080F449 /* TipCalculator */ = {
			isa = PBXGroup;
			children = (
				43433ED624F5DDA00080F449 /* AppDelegate.swift */,
				43433ED824F5DDA00080F449 /* SceneDelegate.swift */,
				43433EDA24F5DDA00080F449 /* ViewController.swift */,
				43433EDC24F5DDA00080F449 /* Main.storyboard */,
				43433EDF24F5DDA20080F449 /* Assets.xcassets */,
				43433EE124F5DDA20080F449 /* LaunchScreen.storyboard */,
				43433EE424F5DDA20080F449 /* Info.plist */,
			);
			path = TipCalculator;
			sourceTree = "<group>";
		};
		43433EEC24F5DDA20080F449 /* TipCalculatorTests */ = {
			isa = PBXGroup;
			children = (
				43433EED24F5DDA20080F449 /* TipCalculatorTests.swift */,
				43433EEF24F5DDA20080F449 /* Info.plist */,
			);
			path = TipCalculatorTests;
			sourceTree = "<group>";
		};
		43433EF724F5DDA20080F449 /* TipCalculatorUITests */ = {
			isa = PBXGroup;
			children = (
				43433EF824F5DDA20080F449 /* TipCalculatorUITests.swift */,
				43433EFA24F5DDA20080F449 /* Info.plist */,
			);
			path = TipCalculatorUITests;
			sourceTree = "<group>";
		};
/* End PBXGroup section */

/* Begin PBXNativeTarget section */
		43433ED224F5DDA00080F449 /* TipCalculator */ = {
			isa = PBXNativeTarget;
			buildConfigurationList = 43433EFD24F5DDA20080F449 /* Build configuration list for PBXNativeTarget "TipCalculator" */;
			buildPhases = (
				43433ECF24F5DDA00080F449 /* Sources */,
				43433ED024F5DDA00080F449 /* Frameworks */,
				43433ED124F5DDA00080F449 /* Resources */,
			);
			buildRules = (
			);
			dependencies = (
			);
			name = TipCalculator;
			productName = TipCalculator;
			productReference = 43433ED324F5DDA00080F449 /* TipCalculator.app */;
			productType = "com.apple.product-type.application";
		};
		43433EE824F5DDA20080F449 /* TipCalculatorTests */ = {
			isa = PBXNativeTarget;
			buildConfigurationList = 43433F0024F5DDA20080F449 /* Build configuration list for PBXNativeTarget "TipCalculatorTests" */;
			buildPhases = (
				43433EE524F5DDA20080F449 /* Sources */,
				43433EE624F5DDA20080F449 /* Frameworks */,
				43433EE724F5DDA20080F449 /* Resources */,
			);
			buildRules = (
			);
			dependencies = (
				43433EEB24F5DDA20080F449 /* PBXTargetDependency */,
			);
			name = TipCalculatorTests;
			productName = TipCalculatorTests;
			productReference = 43433EE924F5DDA20080F449 /* TipCalculatorTests.xctest */;
			productType = "com.apple.product-type.bundle.unit-test";
		};
		43433EF324F5DDA20080F449 /* TipCalculatorUITests */ = {
			isa = PBXNativeTarget;
			buildConfigurationList = 43433F0324F5DDA20080F449 /* Build configuration list for PBXNativeTarget "TipCalculatorUITests" */;
			buildPhases = (
				43433EF024F5DDA20080F449 /* Sources */,
				43433EF124F5DDA20080F449 /* Frameworks */,
				43433EF224F5DDA20080F449 /* Resources */,
			);
			buildRules = (
			);
			dependencies = (
				43433EF624F5DDA20080F449 /* PBXTargetDependency */,
			);
			name = TipCalculatorUITests;
			productName = TipCalculatorUITests;
			productReference = 43433EF424F5DDA20080F449 /* TipCalculatorUITests.xctest */;
			productType = "com.apple.product-type.bundle.ui-testing";
		};
/* End PBXNativeTarget section */

/* Begin PBXProject section */
		43433ECB24F5DDA00080F449 /* Project object */ = {
			isa = PBXProject;
			attributes = {
				LastSwiftUpdateCheck = 1160;
				LastUpgradeCheck = 1160;
				ORGANIZATIONNAME = "Daria Voblikova";
				TargetAttributes = {
					43433ED224F5DDA00080F449 = {
						CreatedOnToolsVersion = 11.6;
					};
					43433EE824F5DDA20080F449 = {
						CreatedOnToolsVersion = 11.6;
						TestTargetID = 43433ED224F5DDA00080F449;
					};
					43433EF324F5DDA20080F449 = {
						CreatedOnToolsVersion = 11.6;
						TestTargetID = 43433ED224F5DDA00080F449;
					};
				};
			};
			buildConfigurationList = 43433ECE24F5DDA00080F449 /* Build configuration list for PBXProject "TipCalculator" */;
			compatibilityVersion = "Xcode 9.3";
			developmentRegion = en;
			hasScannedForEncodings = 0;
			knownRegions = (
				en,
				Base,
			);
			mainGroup = 43433ECA24F5DDA00080F449;
			productRefGroup = 43433ED424F5DDA00080F449 /* Products */;
			projectDirPath = "";
			projectRoot = "";
			targets = (
				43433ED224F5DDA00080F449 /* TipCalculator */,
				43433EE824F5DDA20080F449 /* TipCalculatorTests */,
				43433EF324F5DDA20080F449 /* TipCalculatorUITests */,
			);
		};
/* End PBXProject section */

/* Begin PBXResourcesBuildPhase section */
		43433ED124F5DDA00080F449 /* Resources */ = {
			isa = PBXResourcesBuildPhase;
			buildActionMask = 2147483647;
			files = (
				43433EE324F5DDA20080F449 /* LaunchScreen.storyboard in Resources */,
				43433EE024F5DDA20080F449 /* Assets.xcassets in Resources */,
				43433EDE24F5DDA00080F449 /* Main.storyboard in Resources */,
			);
			runOnlyForDeploymentPostprocessing = 0;
		};
		43433EE724F5DDA20080F449 /* Resources */ = {
			isa = PBXResourcesBuildPhase;
			buildActionMask = 2147483647;
			files = (
			);
			runOnlyForDeploymentPostprocessing = 0;
		};
		43433EF224F5DDA20080F449 /* Resources */ = {
			isa = PBXResourcesBuildPhase;
			buildActionMask = 2147483647;
			files = (
			);
			runOnlyForDeploymentPostprocessing = 0;
		};
/* End PBXResourcesBuildPhase section */

/* Begin PBXSourcesBuildPhase section */
		43433ECF24F5DDA00080F449 /* Sources */ = {
			isa = PBXSourcesBuildPhase;
			buildActionMask = 2147483647;
			files = (
				43433EDB24F5DDA00080F449 /* ViewController.swift in Sources */,
				43433ED724F5DDA00080F449 /* AppDelegate.swift in Sources */,
				43433ED924F5DDA00080F449 /* SceneDelegate.swift in Sources */,
			);
			runOnlyForDeploymentPostprocessing = 0;
		};
		43433EE524F5DDA20080F449 /* Sources */ = {
			isa = PBXSourcesBuildPhase;
			buildActionMask = 2147483647;
			files = (
				43433EEE24F5DDA20080F449 /* TipCalculatorTests.swift in Sources */,
			);
			runOnlyForDeploymentPostprocessing = 0;
		};
		43433EF024F5DDA20080F449 /* Sources */ = {
			isa = PBXSourcesBuildPhase;
			buildActionMask = 2147483647;
			files = (
				43433EF924F5DDA20080F449 /* TipCalculatorUITests.swift in Sources */,
			);
			runOnlyForDeploymentPostprocessing = 0;
		};
/* End PBXSourcesBuildPhase section */

/* Begin PBXTargetDependency section */
		43433EEB24F5DDA20080F449 /* PBXTargetDependency */ = {
			isa = PBXTargetDependency;
			target = 43433ED224F5DDA00080F449 /* TipCalculator */;
			targetProxy = 43433EEA24F5DDA20080F449 /* PBXContainerItemProxy */;
		};
		43433EF624F5DDA20080F449 /* PBXTargetDependency */ = {
			isa = PBXTargetDependency;
			target = 43433ED224F5DDA00080F449 /* TipCalculator */;
			targetProxy = 43433EF524F5DDA20080F449 /* PBXContainerItemProxy */;
		};
/* End PBXTargetDependency section */

/* Begin PBXVariantGroup section */
		43433EDC24F5DDA00080F449 /* Main.storyboard */ = {
			isa = PBXVariantGroup;
			children = (
				43433EDD24F5DDA00080F449 /* Base */,
			);
			name = Main.storyboard;
			sourceTree = "<group>";
		};
		43433EE124F5DDA20080F449 /* LaunchScreen.storyboard */ = {
			isa = PBXVariantGroup;
			children = (
				43433EE224F5DDA20080F449 /* Base */,
			);
			name = LaunchScreen.storyboard;
			sourceTree = "<group>";
		};
/* End PBXVariantGroup section */

/* Begin XCBuildConfiguration section */
		43433EFB24F5DDA20080F449 /* Debug */ = {
			isa = XCBuildConfiguration;
			buildSettings = {
				ALWAYS_SEARCH_USER_PATHS = NO;
				CLANG_ANALYZER_NONNULL = YES;
				CLANG_ANALYZER_NUMBER_OBJECT_CONVERSION = YES_AGGRESSIVE;
				CLANG_CXX_LANGUAGE_STANDARD = "gnu++14";
				CLANG_CXX_LIBRARY = "libc++";
				CLANG_ENABLE_MODULES = YES;
				CLANG_ENABLE_OBJC_ARC = YES;
				CLANG_ENABLE_OBJC_WEAK = YES;
				CLANG_WARN_BLOCK_CAPTURE_AUTORELEASING = YES;
				CLANG_WARN_BOOL_CONVERSION = YES;
				CLANG_WARN_COMMA = YES;
				CLANG_WARN_CONSTANT_CONVERSION = YES;
				CLANG_WARN_DEPRECATED_OBJC_IMPLEMENTATIONS = YES;
				CLANG_WARN_DIRECT_OBJC_ISA_USAGE = YES_ERROR;
				CLANG_WARN_DOCUMENTATION_COMMENTS = YES;
				CLANG_WARN_EMPTY_BODY = YES;
				CLANG_WARN_ENUM_CONVERSION = YES;
				CLANG_WARN_INFINITE_RECURSION = YES;
				CLANG_WARN_INT_CONVERSION = YES;
				CLANG_WARN_NON_LITERAL_NULL_CONVERSION = YES;
				CLANG_WARN_OBJC_IMPLICIT_RETAIN_SELF = YES;
				CLANG_WARN_OBJC_LITERAL_CONVERSION = YES;
				CLANG_WARN_OBJC_ROOT_CLASS = YES_ERROR;
				CLANG_WARN_RANGE_LOOP_ANALYSIS = YES;
				CLANG_WARN_STRICT_PROTOTYPES = YES;
				CLANG_WARN_SUSPICIOUS_MOVE = YES;
				CLANG_WARN_UNGUARDED_AVAILABILITY = YES_AGGRESSIVE;
				CLANG_WARN_UNREACHABLE_CODE = YES;
				CLANG_WARN__DUPLICATE_METHOD_MATCH = YES;
				COPY_PHASE_STRIP = NO;
				DEBUG_INFORMATION_FORMAT = dwarf;
				ENABLE_STRICT_OBJC_MSGSEND = YES;
				ENABLE_TESTABILITY = YES;
				GCC_C_LANGUAGE_STANDARD = gnu11;
				GCC_DYNAMIC_NO_PIC = NO;
				GCC_NO_COMMON_BLOCKS = YES;
				GCC_OPTIMIZATION_LEVEL = 0;
				GCC_PREPROCESSOR_DEFINITIONS = (
					"DEBUG=1",
					"$(inherited)",
				);
				GCC_WARN_64_TO_32_BIT_CONVERSION = YES;
				GCC_WARN_ABOUT_RETURN_TYPE = YES_ERROR;
				GCC_WARN_UNDECLARED_SELECTOR = YES;
				GCC_WARN_UNINITIALIZED_AUTOS = YES_AGGRESSIVE;
				GCC_WARN_UNUSED_FUNCTION = YES;
				GCC_WARN_UNUSED_VARIABLE = YES;
				IPHONEOS_DEPLOYMENT_TARGET = 13.6;
				MTL_ENABLE_DEBUG_INFO = INCLUDE_SOURCE;
				MTL_FAST_MATH = YES;
				ONLY_ACTIVE_ARCH = YES;
				SDKROOT = iphoneos;
				SWIFT_ACTIVE_COMPILATION_CONDITIONS = DEBUG;
				SWIFT_OPTIMIZATION_LEVEL = "-Onone";
			};
			name = Debug;
		};
		43433EFC24F5DDA20080F449 /* Release */ = {
			isa = XCBuildConfiguration;
			buildSettings = {
				ALWAYS_SEARCH_USER_PATHS = NO;
				CLANG_ANALYZER_NONNULL = YES;
				CLANG_ANALYZER_NUMBER_OBJECT_CONVERSION = YES_AGGRESSIVE;
				CLANG_CXX_LANGUAGE_STANDARD = "gnu++14";
				CLANG_CXX_LIBRARY = "libc++";
				CLANG_ENABLE_MODULES = YES;
				CLANG_ENABLE_OBJC_ARC = YES;
				CLANG_ENABLE_OBJC_WEAK = YES;
				CLANG_WARN_BLOCK_CAPTURE_AUTORELEASING = YES;
				CLANG_WARN_BOOL_CONVERSION = YES;
				CLANG_WARN_COMMA = YES;
				CLANG_WARN_CONSTANT_CONVERSION = YES;
				CLANG_WARN_DEPRECATED_OBJC_IMPLEMENTATIONS = YES;
				CLANG_WARN_DIRECT_OBJC_ISA_USAGE = YES_ERROR;
				CLANG_WARN_DOCUMENTATION_COMMENTS = YES;
				CLANG_WARN_EMPTY_BODY = YES;
				CLANG_WARN_ENUM_CONVERSION = YES;
				CLANG_WARN_INFINITE_RECURSION = YES;
				CLANG_WARN_INT_CONVERSION = YES;
				CLANG_WARN_NON_LITERAL_NULL_CONVERSION = YES;
				CLANG_WARN_OBJC_IMPLICIT_RETAIN_SELF = YES;
				CLANG_WARN_OBJC_LITERAL_CONVERSION = YES;
				CLANG_WARN_OBJC_ROOT_CLASS = YES_ERROR;
				CLANG_WARN_RANGE_LOOP_ANALYSIS = YES;
				CLANG_WARN_STRICT_PROTOTYPES = YES;
				CLANG_WARN_SUSPICIOUS_MOVE = YES;
				CLANG_WARN_UNGUARDED_AVAILABILITY = YES_AGGRESSIVE;
				CLANG_WARN_UNREACHABLE_CODE = YES;
				CLANG_WARN__DUPLICATE_METHOD_MATCH = YES;
				COPY_PHASE_STRIP = NO;
				DEBUG_INFORMATION_FORMAT = "dwarf-with-dsym";
				ENABLE_NS_ASSERTIONS = NO;
				ENABLE_STRICT_OBJC_MSGSEND = YES;
				GCC_C_LANGUAGE_STANDARD = gnu11;
				GCC_NO_COMMON_BLOCKS = YES;
				GCC_WARN_64_TO_32_BIT_CONVERSION = YES;
				GCC_WARN_ABOUT_RETURN_TYPE = YES_ERROR;
				GCC_WARN_UNDECLARED_SELECTOR = YES;
				GCC_WARN_UNINITIALIZED_AUTOS = YES_AGGRESSIVE;
				GCC_WARN_UNUSED_FUNCTION = YES;
				GCC_WARN_UNUSED_VARIABLE = YES;
				IPHONEOS_DEPLOYMENT_TARGET = 13.6;
				MTL_ENABLE_DEBUG_INFO = NO;
				MTL_FAST_MATH = YES;
				SDKROOT = iphoneos;
				SWIFT_COMPILATION_MODE = wholemodule;
				SWIFT_OPTIMIZATION_LEVEL = "-O";
				VALIDATE_PRODUCT = YES;
			};
			name = Release;
		};
		43433EFE24F5DDA20080F449 /* Debug */ = {
			isa = XCBuildConfiguration;
			buildSettings = {
				ASSETCATALOG_COMPILER_APPICON_NAME = AppIcon;
				CODE_SIGN_STYLE = Automatic;
				INFOPLIST_FILE = TipCalculator/Info.plist;
				LD_RUNPATH_SEARCH_PATHS = (
					"$(inherited)",
					"@executable_path/Frameworks",
				);
				PRODUCT_BUNDLE_IDENTIFIER = niko.TipCalculator;
				PRODUCT_NAME = "$(TARGET_NAME)";
				SWIFT_VERSION = 5.0;
				TARGETED_DEVICE_FAMILY = "1,2";
			};
			name = Debug;
		};
		43433EFF24F5DDA20080F449 /* Release */ = {
			isa = XCBuildConfiguration;
			buildSettings = {
				ASSETCATALOG_COMPILER_APPICON_NAME = AppIcon;
				CODE_SIGN_STYLE = Automatic;
				INFOPLIST_FILE = TipCalculator/Info.plist;
				LD_RUNPATH_SEARCH_PATHS = (
					"$(inherited)",
					"@executable_path/Frameworks",
				);
				PRODUCT_BUNDLE_IDENTIFIER = niko.TipCalculator;
				PRODUCT_NAME = "$(TARGET_NAME)";
				SWIFT_VERSION = 5.0;
				TARGETED_DEVICE_FAMILY = "1,2";
			};
			name = Release;
		};
		43433F0124F5DDA20080F449 /* Debug */ = {
			isa = XCBuildConfiguration;
			buildSettings = {
				ALWAYS_EMBED_SWIFT_STANDARD_LIBRARIES = YES;
				BUNDLE_LOADER = "$(TEST_HOST)";
				CODE_SIGN_STYLE = Automatic;
				INFOPLIST_FILE = TipCalculatorTests/Info.plist;
				IPHONEOS_DEPLOYMENT_TARGET = 13.6;
				LD_RUNPATH_SEARCH_PATHS = (
					"$(inherited)",
					"@executable_path/Frameworks",
					"@loader_path/Frameworks",
				);
				PRODUCT_BUNDLE_IDENTIFIER = niko.TipCalculatorTests;
				PRODUCT_NAME = "$(TARGET_NAME)";
				SWIFT_VERSION = 5.0;
				TARGETED_DEVICE_FAMILY = "1,2";
				TEST_HOST = "$(BUILT_PRODUCTS_DIR)/TipCalculator.app/TipCalculator";
			};
			name = Debug;
		};
		43433F0224F5DDA20080F449 /* Release */ = {
			isa = XCBuildConfiguration;
			buildSettings = {
				ALWAYS_EMBED_SWIFT_STANDARD_LIBRARIES = YES;
				BUNDLE_LOADER = "$(TEST_HOST)";
				CODE_SIGN_STYLE = Automatic;
				INFOPLIST_FILE = TipCalculatorTests/Info.plist;
				IPHONEOS_DEPLOYMENT_TARGET = 13.6;
				LD_RUNPATH_SEARCH_PATHS = (
					"$(inherited)",
					"@executable_path/Frameworks",
					"@loader_path/Frameworks",
				);
				PRODUCT_BUNDLE_IDENTIFIER = niko.TipCalculatorTests;
				PRODUCT_NAME = "$(TARGET_NAME)";
				SWIFT_VERSION = 5.0;
				TARGETED_DEVICE_FAMILY = "1,2";
				TEST_HOST = "$(BUILT_PRODUCTS_DIR)/TipCalculator.app/TipCalculator";
			};
			name = Release;
		};
		43433F0424F5DDA20080F449 /* Debug */ = {
			isa = XCBuildConfiguration;
			buildSettings = {
				ALWAYS_EMBED_SWIFT_STANDARD_LIBRARIES = YES;
				CODE_SIGN_STYLE = Automatic;
				INFOPLIST_FILE = TipCalculatorUITests/Info.plist;
				LD_RUNPATH_SEARCH_PATHS = (
					"$(inherited)",
					"@executable_path/Frameworks",
					"@loader_path/Frameworks",
				);
				PRODUCT_BUNDLE_IDENTIFIER = niko.TipCalculatorUITests;
				PRODUCT_NAME = "$(TARGET_NAME)";
				SWIFT_VERSION = 5.0;
				TARGETED_DEVICE_FAMILY = "1,2";
				TEST_TARGET_NAME = TipCalculator;
			};
			name = Debug;
		};
		43433F0524F5DDA20080F449 /* Release */ = {
			isa = XCBuildConfiguration;
			buildSettings = {
				ALWAYS_EMBED_SWIFT_STANDARD_LIBRARIES = YES;
				CODE_SIGN_STYLE = Automatic;
				INFOPLIST_FILE = TipCalculatorUITests/Info.plist;
				LD_RUNPATH_SEARCH_PATHS = (
					"$(inherited)",
					"@executable_path/Frameworks",
					"@loader_path/Frameworks",
				);
				PRODUCT_BUNDLE_IDENTIFIER = niko.TipCalculatorUITests;
				PRODUCT_NAME = "$(TARGET_NAME)";
				SWIFT_VERSION = 5.0;
				TARGETED_DEVICE_FAMILY = "1,2";
				TEST_TARGET_NAME = TipCalculator;
			};
			name = Release;
		};
/* End XCBuildConfiguration section */

/* Begin XCConfigurationList section */
		43433ECE24F5DDA00080F449 /* Build configuration list for PBXProject "TipCalculator" */ = {
			isa = XCConfigurationList;
			buildConfigurations = (
				43433EFB24F5DDA20080F449 /* Debug */,
				43433EFC24F5DDA20080F449 /* Release */,
			);
			defaultConfigurationIsVisible = 0;
			defaultConfigurationName = Release;
		};
		43433EFD24F5DDA20080F449 /* Build configuration list for PBXNativeTarget "TipCalculator" */ = {
			isa = XCConfigurationList;
			buildConfigurations = (
				43433EFE24F5DDA20080F449 /* Debug */,
				43433EFF24F5DDA20080F449 /* Release */,
			);
			defaultConfigurationIsVisible = 0;
			defaultConfigurationName = Release;
		};
		43433F0024F5DDA20080F449 /* Build configuration list for PBXNativeTarget "TipCalculatorTests" */ = {
			isa = XCConfigurationList;
			buildConfigurations = (
				43433F0124F5DDA20080F449 /* Debug */,
				43433F0224F5DDA20080F449 /* Release */,
			);
			defaultConfigurationIsVisible = 0;
			defaultConfigurationName = Release;
		};
		43433F0324F5DDA20080F449 /* Build configuration list for PBXNativeTarget "TipCalculatorUITests" */ = {
			isa = XCConfigurationList;
			buildConfigurations = (
				43433F0424F5DDA20080F449 /* Debug */,
				43433F0524F5DDA20080F449 /* Release */,
			);
			defaultConfigurationIsVisible = 0;
			defaultConfigurationName = Release;
		};
/* End XCConfigurationList section */
	};
	rootObject = 43433ECB24F5DDA00080F449 /* Project object */;
}
